
Microsoft Visual Studio Solution File, Format Version 12.00
# Visual Studio Version 16
VisualStudioVersion = 16.0.29503.13
MinimumVisualStudioVersion = 10.0.40219.1
Project("{FAE04EC0-301F-11D3-BF4B-00C04F79EFBC}") = "testgit", "testgit\testgit.csproj", "{B2624E65-AA5C-4512-BE3C-1C7F30C0B2ED}"
EndProject
Global
	GlobalSection(SolutionConfigurationPlatforms) = preSolution
		Debug|Any CPU = Debug|Any CPU
		Release|Any CPU = Release|Any CPU
	EndGlobalSection
	GlobalSection(ProjectConfigurationPlatforms) = postSolution
		{B2624E65-AA5C-4512-BE3C-1C7F30C0B2ED}.Debug|Any CPU.ActiveCfg = Debug|Any CPU
		{B2624E65-AA5C-4512-BE3C-1C7F30C0B2ED}.Debug|Any CPU.Build.0 = Debug|Any CPU
		{B2624E65-AA5C-4512-BE3C-1C7F30C0B2ED}.Release|Any CPU.ActiveCfg = Release|Any CPU
		{B2624E65-AA5C-4512-BE3C-1C7F30C0B2ED}.Release|Any CPU.Build.0 = Release|Any CPU
	EndGlobalSection
	GlobalSection(SolutionProperties) = preSolution
		HideSolutionNode = FALSE
	EndGlobalSection
	GlobalSection(ExtensibilityGlobals) = postSolution
		SolutionGuid = {702DDBD4-D9F3-4B84-BEAF-D203BB2F136F}
	EndGlobalSection
EndGlobal
